Microsoft Visual Studio Solution File, Format Version 12.00
# Visual Studio 2013
VisualStudioVersion = 12.0.40629.0
MinimumVisualStudioVersion = 10.0.40219.1
Project("{8BC9CEB8-8B4A-11D0-8D11-00A0C91BC942}") = "OSC_STM32F407", "OSC_STM32F407.vcxproj", "{03B685EA-0B76-4675-9CD6-2AE26ABBBBFA}"
EndProject
Global
	GlobalSection(SolutionConfigurationPlatforms) = preSolution
		OSC_STM32F407|Win32 = OSC_STM32F407|Win32
	EndGlobalSection
	GlobalSection(ProjectConfigurationPlatforms) = postSolution
		{03B685EA-0B76-4675-9CD6-2AE26ABBBBFA}.OSC_STM32F407|Win32.ActiveCfg = OSC_STM32F407|Win32
		{03B685EA-0B76-4675-9CD6-2AE26ABBBBFA}.OSC_STM32F407|Win32.Build.0 = OSC_STM32F407|Win32
	EndGlobalSection
	GlobalSection(SolutionProperties) = preSolution
		HideSolutionNode = FALSE
	EndGlobalSection
EndGlobal
